// !$*UTF8*$!
{
	archiveVersion = 1;
	classes = {
	};
	objectVersion = 60;
	objects = {

/* Begin PBXBuildFile section */
		A10000012F19B45B00B42C9A /* PromptPlaygroundApp.swift in Sources */ = {isa = PBXBuildFile; fileRef = A10000002F19B45B00B42C9A /* PromptPlaygroundApp.swift */; };
		A10000032F19B45B00B42C9A /* ContentView.swift in Sources */ = {isa = PBXBuildFile; fileRef = A10000022F19B45B00B42C9A /* ContentView.swift */; };
		A10000052F19B45C00B42C9A /* Assets.xcassets in Resources */ = {isa = PBXBuildFile; fileRef = A10000042F19B45C00B42C9A /* Assets.xcassets */; };
		A10000082F19B45C00B42C9A /* Preview Assets.xcassets in Resources */ = {isa = PBXBuildFile; fileRef = A10000072F19B45C00B42C9A /* Preview Assets.xcassets */; };
		A10000102F19B46700B42C9A /* PromptModel.swift in Sources */ = {isa = PBXBuildFile; fileRef = A100000F2F19B46700B42C9A /* PromptModel.swift */; };
		A10000122F19B46C00B42C9A /* ProjectModel.swift in Sources */ = {isa = PBXBuildFile; fileRef = A10000112F19B46C00B42C9A /* ProjectModel.swift */; };
		A10000142F19B47100B42C9A /* SavedOutputModel.swift in Sources */ = {isa = PBXBuildFile; fileRef = A10000132F19B47100B42C9A /* SavedOutputModel.swift */; };
		A10000172F19B47B00B42C9A /* CloudKitManager.swift in Sources */ = {isa = PBXBuildFile; fileRef = A10000162F19B47B00B42C9A /* CloudKitManager.swift */; };
		A10000192F19B48000B42C9A /* AFMService.swift in Sources */ = {isa = PBXBuildFile; fileRef = A10000182F19B48000B42C9A /* AFMService.swift */; };
		A100001B2F19B48500B42C9A /* IAPManager.swift in Sources */ = {isa = PBXBuildFile; fileRef = A100001A2F19B48500B42C9A /* IAPManager.swift */; };
		A100001E2F19B49000B42C9A /* SidebarView.swift in Sources */ = {isa = PBXBuildFile; fileRef = A100001D2F19B49000B42C9A /* SidebarView.swift */; };
		A10000202F19B49500B42C9A /* PromptDetailView.swift in Sources */ = {isa = PBXBuildFile; fileRef = A100001F2F19B49500B42C9A /* PromptDetailView.swift */; };
		A10000222F19B49A00B42C9A /* ProjectsView.swift in Sources */ = {isa = PBXBuildFile; fileRef = A10000212F19B49A00B42C9A /* ProjectsView.swift */; };
/* End PBXBuildFile section */

/* Begin PBXFileReference section */
		A1FFFFFFD2F19B45B00B42C9A /* PromptPlayground.app */ = {isa = PBXFileReference; explicitFileType = wrapper.application; includeInIndex = 0; path = PromptPlayground.app; sourceTree = BUILT_PRODUCTS_DIR; };
		A10000002F19B45B00B42C9A /* PromptPlaygroundApp.swift */ = {isa = PBXFileReference; lastKnownFileType = sourcecode.swift; path = PromptPlaygroundApp.swift; sourceTree = "<group>"; };
		A10000022F19B45B00B42C9A /* ContentView.swift */ = {isa = PBXFileReference; lastKnownFileType = sourcecode.swift; path = ContentView.swift; sourceTree = "<group>"; };
		A10000042F19B45C00B42C9A /* Assets.xcassets */ = {isa = PBXFileReference; lastKnownFileType = folder.assetcatalog; path = Assets.xcassets; sourceTree = "<group>"; };
		A10000072F19B45C00B42C9A /* Preview Assets.xcassets */ = {isa = PBXFileReference; lastKnownFileType = folder.assetcatalog; path = "Preview Assets.xcassets"; sourceTree = "<group>"; };
		A100000E2F19B46200B42C9A /* Info.plist */ = {isa = PBXFileReference; lastKnownFileType = text.plist.xml; path = Info.plist; sourceTree = "<group>"; };
		A100000F2F19B46700B42C9A /* PromptModel.swift */ = {isa = PBXFileReference; lastKnownFileType = sourcecode.swift; path = PromptModel.swift; sourceTree = "<group>"; };
		A10000112F19B46C00B42C9A /* ProjectModel.swift */ = {isa = PBXFileReference; lastKnownFileType = sourcecode.swift; path = ProjectModel.swift; sourceTree = "<group>"; };
		A10000132F19B47100B42C9A /* SavedOutputModel.swift */ = {isa = PBXFileReference; lastKnownFileType = sourcecode.swift; path = SavedOutputModel.swift; sourceTree = "<group>"; };
		A10000162F19B47B00B42C9A /* CloudKitManager.swift */ = {isa = PBXFileReference; lastKnownFileType = sourcecode.swift; path = CloudKitManager.swift; sourceTree = "<group>"; };
		A10000182F19B48000B42C9A /* AFMService.swift */ = {isa = PBXFileReference; lastKnownFileType = sourcecode.swift; path = AFMService.swift; sourceTree = "<group>"; };
		A100001A2F19B48500B42C9A /* IAPManager.swift */ = {isa = PBXFileReference; lastKnownFileType = sourcecode.swift; path = IAPManager.swift; sourceTree = "<group>"; };
		A100001C2F19B48B00B42C9A /* PromptPlayground.entitlements */ = {isa = PBXFileReference; lastKnownFileType = text.plist.entitlements; path = PromptPlayground.entitlements; sourceTree = "<group>"; };
		A100001D2F19B49000B42C9A /* SidebarView.swift */ = {isa = PBXFileReference; lastKnownFileType = sourcecode.swift; path = SidebarView.swift; sourceTree = "<group>"; };
		A100001F2F19B49500B42C9A /* PromptDetailView.swift */ = {isa = PBXFileReference; lastKnownFileType = sourcecode.swift; path = PromptDetailView.swift; sourceTree = "<group>"; };
		A10000212F19B49A00B42C9A /* ProjectsView.swift */ = {isa = PBXFileReference; lastKnownFileType = sourcecode.swift; path = ProjectsView.swift; sourceTree = "<group>"; };
/* End PBXFileReference section */

/* Begin PBXFrameworksBuildPhase section */
		A1FFFFFFA2F19B45B00B42C9A /* Frameworks */ = {
			isa = PBXFrameworksBuildPhase;
			buildActionMask = 2147483647;
			files = (
			);
			runOnlyForDeploymentPostprocessing = 0;
		};
/* End PBXFrameworksBuildPhase section */

/* Begin PBXGroup section */
		A1FFFFFF42F19B45B00B42C9A = {
			isa = PBXGroup;
			children = (
				A1FFFFFF52F19B45B00B42C9A /* PromptPlayground */,
				A1FFFFFFD2F19B45B00B42C9A /* PromptPlayground.app */,
			);
			sourceTree = "<group>";
		};
		A1FFFFFF52F19B45B00B42C9A /* PromptPlayground */ = {
			isa = PBXGroup;
			children = (
				A100001C2F19B48B00B42C9A /* PromptPlayground.entitlements */,
				A100000E2F19B46200B42C9A /* Info.plist */,
				A10000002F19B45B00B42C9A /* PromptPlaygroundApp.swift */,
				A10000022F19B45B00B42C9A /* ContentView.swift */,
				A100000C2F19B45D00B42C9A /* Models */,
				A10000152F19B47600B42C9A /* Services */,
				A100001B2F19B48A00B42C9A /* Views */,
				A10000042F19B45C00B42C9A /* Assets.xcassets */,
				A10000062F19B45C00B42C9A /* Preview Content */,
			);
			path = PromptPlayground;
			sourceTree = "<group>";
		};
		A10000062F19B45C00B42C9A /* Preview Content */ = {
			isa = PBXGroup;
			children = (
				A10000072F19B45C00B42C9A /* Preview Assets.xcassets */,
			);
			path = "Preview Content";
			sourceTree = "<group>";
		};
		A100000C2F19B45D00B42C9A /* Models */ = {
			isa = PBXGroup;
			children = (
				A100000F2F19B46700B42C9A /* PromptModel.swift */,
				A10000112F19B46C00B42C9A /* ProjectModel.swift */,
				A10000132F19B47100B42C9A /* SavedOutputModel.swift */,
			);
			path = Models;
			sourceTree = "<group>";
		};
		A10000152F19B47600B42C9A /* Services */ = {
			isa = PBXGroup;
			children = (
				A10000162F19B47B00B42C9A /* CloudKitManager.swift */,
				A10000182F19B48000B42C9A /* AFMService.swift */,
				A100001A2F19B48500B42C9A /* IAPManager.swift */,
			);
			path = Services;
			sourceTree = "<group>";
		};
		A100001B2F19B48A00B42C9A /* Views */ = {
			isa = PBXGroup;
			children = (
				A100001D2F19B49000B42C9A /* SidebarView.swift */,
				A100001F2F19B49500B42C9A /* PromptDetailView.swift */,
				A10000212F19B49A00B42C9A /* ProjectsView.swift */,
			);
			path = Views;
			sourceTree = "<group>";
		};
/* End PBXGroup section */

/* Begin PBXNativeTarget section */
		A1FFFFFFC2F19B45B00B42C9A /* PromptPlayground */ = {
			isa = PBXNativeTarget;
			buildConfigurationList = A100000B2F19B45C00B42C9A /* Build configuration list for PBXNativeTarget "PromptPlayground" */;
			buildPhases = (
				A1FFFFFF92F19B45B00B42C9A /* Sources */,
				A1FFFFFFA2F19B45B00B42C9A /* Frameworks */,
				A1FFFFFFB2F19B45B00B42C9A /* Resources */,
			);
			buildRules = (
			);
			dependencies = (
			);
			name = PromptPlayground;
			productName = PromptPlayground;
			productReference = A1FFFFFFD2F19B45B00B42C9A /* PromptPlayground.app */;
			productType = "com.apple.product-type.application";
		};
/* End PBXNativeTarget section */

/* Begin PBXProject section */
		A1FFFFFF52F19B45B00B42C9A /* Project object */ = {
			isa = PBXProject;
			attributes = {
				BuildIndependentTargetsInParallel = 1;
				LastSwiftUpdateCheck = 1600;
				LastUpgradeCheck = 1600;
				TargetAttributes = {
					A1FFFFFFC2F19B45B00B42C9A = {
						CreatedOnToolsVersion = 16.0;
					};
				};
			};
			buildConfigurationList = A1FFFFFF82F19B45B00B42C9A /* Build configuration list for PBXProject "PromptPlayground" */;
			compatibilityVersion = "Xcode 15.0";
			developmentRegion = en;
			hasScannedForEncodings = 0;
			knownRegions = (
				en,
				Base,
			);
			mainGroup = A1FFFFFF42F19B45B00B42C9A;
			productRefGroup = A1FFFFFF42F19B45B00B42C9A;
			projectDirPath = "";
			projectRoot = "";
			targets = (
				A1FFFFFFC2F19B45B00B42C9A /* PromptPlayground */,
			);
		};
/* End PBXProject section */

/* Begin PBXResourcesBuildPhase section */
		A1FFFFFFB2F19B45B00B42C9A /* Resources */ = {
			isa = PBXResourcesBuildPhase;
			buildActionMask = 2147483647;
			files = (
				A10000082F19B45C00B42C9A /* Preview Assets.xcassets in Resources */,
				A10000052F19B45C00B42C9A /* Assets.xcassets in Resources */,
			);
			runOnlyForDeploymentPostprocessing = 0;
		};
/* End PBXResourcesBuildPhase section */

/* Begin PBXSourcesBuildPhase section */
		A1FFFFFF92F19B45B00B42C9A /* Sources */ = {
			isa = PBXSourcesBuildPhase;
			buildActionMask = 2147483647;
			files = (
				A10000032F19B45B00B42C9A /* ContentView.swift in Sources */,
				A10000102F19B46700B42C9A /* PromptModel.swift in Sources */,
				A10000122F19B46C00B42C9A /* ProjectModel.swift in Sources */,
				A10000142F19B47100B42C9A /* SavedOutputModel.swift in Sources */,
				A10000172F19B47B00B42C9A /* CloudKitManager.swift in Sources */,
				A10000192F19B48000B42C9A /* AFMService.swift in Sources */,
				A100001B2F19B48500B42C9A /* IAPManager.swift in Sources */,
				A100001E2F19B49000B42C9A /* SidebarView.swift in Sources */,
				A10000202F19B49500B42C9A /* PromptDetailView.swift in Sources */,
				A10000222F19B49A00B42C9A /* ProjectsView.swift in Sources */,
				A10000012F19B45B00B42C9A /* PromptPlaygroundApp.swift in Sources */,
			);
			runOnlyForDeploymentPostprocessing = 0;
		};
/* End PBXSourcesBuildPhase section */

/* Begin XCBuildConfiguration section */
		A10000092F19B45C00B42C9A /* Debug */ = {
			isa = XCBuildConfiguration;
			buildSettings = {
				ALWAYS_SEARCH_USER_PATHS = NO;
				ASSETCATALOG_COMPILER_GENERATE_SWIFT_ASSET_SYMBOLS = YES;
				CLANG_ANALYZER_NONNULL = YES;
				CLANG_ANALYZER_NUMBER_OBJECT_CONVERSION = YES_AGGRESSIVE;
				CLANG_CXX_LANGUAGE_STANDARD = "gnu++20";
				CLANG_ENABLE_MODULES = YES;
				CLANG_ENABLE_OBJC_ARC = YES;
				CLANG_ENABLE_OBJC_WEAK = YES;
				CLANG_WARN_BLOCK_CAPTURE_AUTORELEASING = YES;
				CLANG_WARN_BOOL_CONVERSION = YES;
				CLANG_WARN_COMMA = YES;
				CLANG_WARN_CONSTANT_CONVERSION = YES;
				CLANG_WARN_DEPRECATED_OBJC_IMPLEMENTATIONS = YES;
				CLANG_WARN_DIRECT_OBJC_ISA_USAGE = YES_ERROR;
				CLANG_WARN_DOCUMENTATION_COMMENTS = YES;
				CLANG_WARN_EMPTY_BODY = YES;
				CLANG_WARN_ENUM_CONVERSION = YES;
				CLANG_WARN_INFINITE_RECURSION = YES;
				CLANG_WARN_INT_CONVERSION = YES;
				CLANG_WARN_NON_LITERAL_NULL_CONVERSION = YES;
				CLANG_WARN_OBJC_IMPLICIT_RETAIN_SELF = YES;
				CLANG_WARN_OBJC_LITERAL_CONVERSION = YES;
				CLANG_WARN_OBJC_ROOT_CLASS = YES_ERROR;
				CLANG_WARN_QUOTED_INCLUDE_IN_FRAMEWORK_HEADER = YES;
				CLANG_WARN_RANGE_LOOP_ANALYSIS = YES;
				CLANG_WARN_STRICT_PROTOTYPES = YES;
				CLANG_WARN_SUSPICIOUS_MOVE = YES;
				CLANG_WARN_UNGUARDED_AVAILABILITY = YES_AGGRESSIVE;
				CLANG_WARN_UNREACHABLE_CODE = YES;
				CLANG_WARN__DUPLICATE_METHOD_MATCH = YES;
				COPY_PHASE_STRIP = NO;
				DEBUG_INFORMATION_FORMAT = dwarf;
				ENABLE_STRICT_OBJC_MSGSEND = YES;
				ENABLE_TESTABILITY = YES;
				ENABLE_USER_SCRIPT_SANDBOXING = YES;
				GCC_C_LANGUAGE_STANDARD = gnu17;
				GCC_DYNAMIC_NO_PIC = NO;
				GCC_NO_COMMON_BLOCKS = YES;
				GCC_OPTIMIZATION_LEVEL = 0;
				GCC_PREPROCESSOR_DEFINITIONS = (
					"DEBUG=1",
					"$(inherited)",
				);
				GCC_WARN_64_TO_32_BIT_CONVERSION = YES;
				GCC_WARN_ABOUT_RETURN_TYPE = YES_ERROR;
				GCC_WARN_UNDECLARED_SELECTOR = YES;
				GCC_WARN_UNINITIALIZED_AUTOS = YES_AGGRESSIVE;
				GCC_WARN_UNUSED_FUNCTION = YES;
				GCC_WARN_UNUSED_VARIABLE = YES;
				IPHONEOS_DEPLOYMENT_TARGET = 18.0;
				LOCALIZATION_PREFERS_STRING_CATALOGS = YES;
				MTL_ENABLE_DEBUG_INFO = INCLUDE_SOURCE;
				MTL_FAST_MATH = YES;
				ONLY_ACTIVE_ARCH = YES;
				SDKROOT = iphoneos;
				SWIFT_ACTIVE_COMPILATION_CONDITIONS = "DEBUG $(inherited)";
				SWIFT_OPTIMIZATION_LEVEL = "-Onone";
			};
			name = Debug;
		};
		A100000A2F19B45C00B42C9A /* Release */ = {
			isa = XCBuildConfiguration;
			buildSettings = {
				ALWAYS_SEARCH_USER_PATHS = NO;
				ASSETCATALOG_COMPILER_GENERATE_SWIFT_ASSET_SYMBOLS = YES;
				CLANG_ANALYZER_NONNULL = YES;
				CLANG_ANALYZER_NUMBER_OBJECT_CONVERSION = YES_AGGRESSIVE;
				CLANG_CXX_LANGUAGE_STANDARD = "gnu++20";
				CLANG_ENABLE_MODULES = YES;
				CLANG_ENABLE_OBJC_ARC = YES;
				CLANG_ENABLE_OBJC_WEAK = YES;
				CLANG_WARN_BLOCK_CAPTURE_AUTORELEASING = YES;
				CLANG_WARN_BOOL_CONVERSION = YES;
				CLANG_WARN_COMMA = YES;
				CLANG_WARN_CONSTANT_CONVERSION = YES;
				CLANG_WARN_DEPRECATED_OBJC_IMPLEMENTATIONS = YES;
				CLANG_WARN_DIRECT_OBJC_ISA_USAGE = YES_ERROR;
				CLANG_WARN_DOCUMENTATION_COMMENTS = YES;
				CLANG_WARN_EMPTY_BODY = YES;
				CLANG_WARN_ENUM_CONVERSION = YES;
				CLANG_WARN_INFINITE_RECURSION = YES;
				CLANG_WARN_INT_CONVERSION = YES;
				CLANG_WARN_NON_LITERAL_NULL_CONVERSION = YES;
				CLANG_WARN_OBJC_IMPLICIT_RETAIN_SELF = YES;
				CLANG_WARN_OBJC_LITERAL_CONVERSION = YES;
				CLANG_WARN_OBJC_ROOT_CLASS = YES_ERROR;
				CLANG_WARN_QUOTED_INCLUDE_IN_FRAMEWORK_HEADER = YES;
				CLANG_WARN_RANGE_LOOP_ANALYSIS = YES;
				CLANG_WARN_STRICT_PROTOTYPES = YES;
				CLANG_WARN_SUSPICIOUS_MOVE = YES;
				CLANG_WARN_UNGUARDED_AVAILABILITY = YES_AGGRESSIVE;
				CLANG_WARN_UNREACHABLE_CODE = YES;
				CLANG_WARN__DUPLICATE_METHOD_MATCH = YES;
				COPY_PHASE_STRIP = NO;
				DEBUG_INFORMATION_FORMAT = "dwarf-with-dsym";
				ENABLE_NS_ASSERTIONS = NO;
				ENABLE_STRICT_OBJC_MSGSEND = YES;
				ENABLE_USER_SCRIPT_SANDBOXING = YES;
				GCC_C_LANGUAGE_STANDARD = gnu17;
				GCC_NO_COMMON_BLOCKS = YES;
				GCC_WARN_64_TO_32_BIT_CONVERSION = YES;
				GCC_WARN_ABOUT_RETURN_TYPE = YES_ERROR;
				GCC_WARN_UNDECLARED_SELECTOR = YES;
				GCC_WARN_UNINITIALIZED_AUTOS = YES_AGGRESSIVE;
				GCC_WARN_UNUSED_FUNCTION = YES;
				GCC_WARN_UNUSED_VARIABLE = YES;
				IPHONEOS_DEPLOYMENT_TARGET = 18.0;
				LOCALIZATION_PREFERS_STRING_CATALOGS = YES;
				MTL_ENABLE_DEBUG_INFO = NO;
				MTL_FAST_MATH = YES;
				SDKROOT = iphoneos;
				SWIFT_COMPILATION_MODE = wholemodule;
				VALIDATE_PRODUCT = YES;
			};
			name = Release;
		};
		A100000C2F19B45C00B42C9A /* Debug */ = {
			isa = XCBuildConfiguration;
			buildSettings = {
				ASSETCATALOG_COMPILER_APPICON_NAME = AppIcon;
				ASSETCATALOG_COMPILER_GLOBAL_ACCENT_COLOR_NAME = AccentColor;
				CODE_SIGN_ENTITLEMENTS = PromptPlayground/PromptPlayground.entitlements;
				CODE_SIGN_STYLE = Automatic;
				CURRENT_PROJECT_VERSION = 1;
				DEVELOPMENT_ASSET_PATHS = "\"PromptPlayground/Preview Content\"";
				ENABLE_PREVIEWS = YES;
				GENERATE_INFOPLIST_FILE = NO;
				INFOPLIST_FILE = PromptPlayground/Info.plist;
				INFOPLIST_KEY_CFBundleDisplayName = "Prompt Playground";
				INFOPLIST_KEY_UIApplicationSceneManifest_Generation = YES;
				INFOPLIST_KEY_UIApplicationSupportsIndirectInputEvents = YES;
				INFOPLIST_KEY_UILaunchScreen_Generation = YES;
				INFOPLIST_KEY_UISupportedInterfaceOrientations_iPad = "UIInterfaceOrientationPortrait UIInterfaceOrientationPortraitUpsideDown UIInterfaceOrientationLandscapeLeft UIInterfaceOrientationLandscapeRight";
				INFOPLIST_KEY_UISupportedInterfaceOrientations_iPhone = "UIInterfaceOrientationPortrait UIInterfaceOrientationLandscapeLeft UIInterfaceOrientationLandscapeRight";
				LD_RUNPATH_SEARCH_PATHS = (
					"$(inherited)",
					"@executable_path/Frameworks",
				);
				MARKETING_VERSION = 1.0;
				PRODUCT_BUNDLE_IDENTIFIER = com.developer.PromptPlayground;
				PRODUCT_NAME = "$(TARGET_NAME)";
				SWIFT_EMIT_LOC_STRINGS = YES;
				SWIFT_VERSION = 6.0;
				TARGETED_DEVICE_FAMILY = "1,2";
			};
			name = Debug;
		};
		A100000D2F19B45C00B42C9A /* Release */ = {
			isa = XCBuildConfiguration;
			buildSettings = {
				ASSETCATALOG_COMPILER_APPICON_NAME = AppIcon;
				ASSETCATALOG_COMPILER_GLOBAL_ACCENT_COLOR_NAME = AccentColor;
				CODE_SIGN_ENTITLEMENTS = PromptPlayground/PromptPlayground.entitlements;
				CODE_SIGN_STYLE = Automatic;
				CURRENT_PROJECT_VERSION = 1;
				DEVELOPMENT_ASSET_PATHS = "\"PromptPlayground/Preview Content\"";
				ENABLE_PREVIEWS = YES;
				GENERATE_INFOPLIST_FILE = NO;
				INFOPLIST_FILE = PromptPlayground/Info.plist;
				INFOPLIST_KEY_CFBundleDisplayName = "Prompt Playground";
				INFOPLIST_KEY_UIApplicationSceneManifest_Generation = YES;
				INFOPLIST_KEY_UIApplicationSupportsIndirectInputEvents = YES;
				INFOPLIST_KEY_UILaunchScreen_Generation = YES;
				INFOPLIST_KEY_UISupportedInterfaceOrientations_iPad = "UIInterfaceOrientationPortrait UIInterfaceOrientationPortraitUpsideDown UIInterfaceOrientationLandscapeLeft UIInterfaceOrientationLandscapeRight";
				INFOPLIST_KEY_UISupportedInterfaceOrientations_iPhone = "UIInterfaceOrientationPortrait UIInterfaceOrientationLandscapeLeft UIInterfaceOrientationLandscapeRight";
				LD_RUNPATH_SEARCH_PATHS = (
					"$(inherited)",
					"@executable_path/Frameworks",
				);
				MARKETING_VERSION = 1.0;
				PRODUCT_BUNDLE_IDENTIFIER = com.developer.PromptPlayground;
				PRODUCT_NAME = "$(TARGET_NAME)";
				SWIFT_EMIT_LOC_STRINGS = YES;
				SWIFT_VERSION = 6.0;
				TARGETED_DEVICE_FAMILY = "1,2";
			};
			name = Release;
		};
/* End XCBuildConfiguration section */

/* Begin XCConfigurationList section */
		A1FFFFFF82F19B45B00B42C9A /* Build configuration list for PBXProject "PromptPlayground" */ = {
			isa = XCConfigurationList;
			buildConfigurations = (
				A10000092F19B45C00B42C9A /* Debug */,
				A100000A2F19B45C00B42C9A /* Release */,
			);
			defaultConfigurationIsVisible = 0;
			defaultConfigurationName = Release;
		};
		A100000B2F19B45C00B42C9A /* Build configuration list for PBXNativeTarget "PromptPlayground" */ = {
			isa = XCConfigurationList;
			buildConfigurations = (
				A100000C2F19B45C00B42C9A /* Debug */,
				A100000D2F19B45C00B42C9A /* Release */,
			);
			defaultConfigurationIsVisible = 0;
			defaultConfigurationName = Release;
		};
/* End XCConfigurationList section */
	};
	rootObject = A1FFFFFF52F19B45B00B42C9A /* Project object */;
}
